{
	"name": "@harperdb/nextjs",
	"version": "0.0.16",
	"lockfileVersion": 3,
	"requires": true,
	"packages": {
		"": {
			"name": "@harperdb/nextjs",
			"version": "0.0.16",
			"license": "MIT",
			"dependencies": {
				"shell-quote": "^1.8.1"
			},
			"bin": {
				"harperdb-nextjs": "cli.js"
			},
			"devDependencies": {
				"@harperdb/code-guidelines": "^0.0.2",
				"prettier": "^3.4.2"
			}
		},
		"node_modules/@harperdb/code-guidelines": {
			"version": "0.0.2",
			"resolved": "https://registry.npmjs.org/@harperdb/code-guidelines/-/code-guidelines-0.0.2.tgz",
			"integrity": "sha512-EJguPZCQr3sNLqUGE5mr5i37g2J1aJEeGb7kkppJCXmLClOOn3v6nwx0FxaSyS/D+Iry6WJpb3qIWgu7Z1Yjvg==",
			"dev": true,
			"license": "MIT",
			"dependencies": {
				"prettier": "3.3.3"
			}
		},
		"node_modules/@harperdb/code-guidelines/node_modules/prettier": {
			"version": "3.3.3",
			"resolved": "https://registry.npmjs.org/prettier/-/prettier-3.3.3.tgz",
			"integrity": "sha512-i2tDNA0O5IrMO757lfrdQZCc2jPNDVntV0m/+4whiDfWaTKfMNgR7Qz0NAeGz/nRqF4m5/6CLzbP4/liHt12Ew==",
			"dev": true,
			"license": "MIT",
			"bin": {
				"prettier": "bin/prettier.cjs"
			},
			"engines": {
				"node": ">=14"
			},
			"funding": {
				"url": "https://github.com/prettier/prettier?sponsor=1"
			}
		},
		"node_modules/prettier": {
			"version": "3.4.2",
			"resolved": "https://registry.npmjs.org/prettier/-/prettier-3.4.2.tgz",
			"integrity": "sha512-e9MewbtFo+Fevyuxn/4rrcDAaq0IYxPGLvObpQjiZBMAzB9IGmzlnG9RZy3FFas+eBMu2vA0CszMeduow5dIuQ==",
			"dev": true,
			"license": "MIT",
			"bin": {
				"prettier": "bin/prettier.cjs"
			},
			"engines": {
				"node": ">=14"
			},
			"funding": {
				"url": "https://github.com/prettier/prettier?sponsor=1"
			}
		},
		"node_modules/shell-quote": {
			"version": "1.8.1",
			"resolved": "https://registry.npmjs.org/shell-quote/-/shell-quote-1.8.1.tgz",
			"integrity": "sha512-6j1W9l1iAs/4xYBI1SYOVZyFcCis9b4KCLQ8fgAGG07QvzaRLVVRQvAy85yNmmZSjYjg4MWh4gNvlPujU/5LpA==",
			"license": "MIT",
			"funding": {
				"url": "https://github.com/sponsors/ljharb"
			}
		}
	}
}
